
Microsoft Visual Studio Solution File, Format Version 12.00
# Visual Studio Version 16
VisualStudioVersion = 16.0.30204.135
MinimumVisualStudioVersion = 10.0.40219.1
Project("{FAE04EC0-301F-11D3-BF4B-00C04F79EFBC}") = "OpdrachtTDD", "OpdrachtTDD\OpdrachtTDD.csproj", "{584C0DCA-429E-4C98-B894-6A052E08D3C9}"
EndProject
Project("{FAE04EC0-301F-11D3-BF4B-00C04F79EFBC}") = "OpdrachtTDDTest", "OpdrachtTDDTest\OpdrachtTDDTest.csproj", "{8E7F69C2-0A7B-42C1-B632-9A6B837A4566}"
EndProject
Global
	GlobalSection(SolutionConfigurationPlatforms) = preSolution
		Debug|Any CPU = Debug|Any CPU
		Release|Any CPU = Release|Any CPU
	EndGlobalSection
	GlobalSection(ProjectConfigurationPlatforms) = postSolution
		{584C0DCA-429E-4C98-B894-6A052E08D3C9}.Debug|Any CPU.ActiveCfg = Debug|Any CPU
		{584C0DCA-429E-4C98-B894-6A052E08D3C9}.Debug|Any CPU.Build.0 = Debug|Any CPU
		{584C0DCA-429E-4C98-B894-6A052E08D3C9}.Release|Any CPU.ActiveCfg = Release|Any CPU
		{584C0DCA-429E-4C98-B894-6A052E08D3C9}.Release|Any CPU.Build.0 = Release|Any CPU
		{8E7F69C2-0A7B-42C1-B632-9A6B837A4566}.Debug|Any CPU.ActiveCfg = Debug|Any CPU
		{8E7F69C2-0A7B-42C1-B632-9A6B837A4566}.Debug|Any CPU.Build.0 = Debug|Any CPU
		{8E7F69C2-0A7B-42C1-B632-9A6B837A4566}.Release|Any CPU.ActiveCfg = Release|Any CPU
		{8E7F69C2-0A7B-42C1-B632-9A6B837A4566}.Release|Any CPU.Build.0 = Release|Any CPU
	EndGlobalSection
	GlobalSection(SolutionProperties) = preSolution
		HideSolutionNode = FALSE
	EndGlobalSection
	GlobalSection(ExtensibilityGlobals) = postSolution
		SolutionGuid = {5F0F3FC9-1F62-43C1-A830-FB4E3C3F86FA}
	EndGlobalSection
EndGlobal
